
Microsoft Visual Studio Solution File, Format Version 12.00
# Visual Studio 15
VisualStudioVersion = 15.0.28307.168
MinimumVisualStudioVersion = 10.0.40219.1
Project("{FAE04EC0-301F-11D3-BF4B-00C04F79EFBC}") = "1-PrimeiroProjeto", "1-PrimeiroProjeto\1-PrimeiroProjeto.csproj", "{ECD9541A-75B6-440B-93F4-B0EA1FF5D77A}"
EndProject
Global
	GlobalSection(SolutionConfigurationPlatforms) = preSolution
		Debug|Any CPU = Debug|Any CPU
		Release|Any CPU = Release|Any CPU
	EndGlobalSection
	GlobalSection(ProjectConfigurationPlatforms) = postSolution
		{ECD9541A-75B6-440B-93F4-B0EA1FF5D77A}.Debug|Any CPU.ActiveCfg = Debug|Any CPU
		{ECD9541A-75B6-440B-93F4-B0EA1FF5D77A}.Debug|Any CPU.Build.0 = Debug|Any CPU
		{ECD9541A-75B6-440B-93F4-B0EA1FF5D77A}.Release|Any CPU.ActiveCfg = Release|Any CPU
		{ECD9541A-75B6-440B-93F4-B0EA1FF5D77A}.Release|Any CPU.Build.0 = Release|Any CPU
	EndGlobalSection
	GlobalSection(SolutionProperties) = preSolution
		HideSolutionNode = FALSE
	EndGlobalSection
	GlobalSection(ExtensibilityGlobals) = postSolution
		SolutionGuid = {5E6B4A27-82C1-4AB5-97F3-832EB765BF9D}
	EndGlobalSection
EndGlobal
