
Microsoft Visual Studio Solution File, Format Version 12.00
# Visual Studio 15
VisualStudioVersion = 15.0.28307.168
MinimumVisualStudioVersion = 10.0.40219.1
Project("{FAE04EC0-301F-11D3-BF4B-00C04F79EFBC}") = "1-PrimeiroProjeto", "1-PrimeiroProjeto\1-PrimeiroProjeto.csproj", "{ECD9541A-75B6-440B-93F4-B0EA1FF5D77A}"
EndProject
Project("{FAE04EC0-301F-11D3-BF4B-00C04F79EFBC}") = "2-CriandoVariáveis", "2-CriandoVariáveis\2-CriandoVariáveis.csproj", "{3C1E232A-CDB5-41B4-8E47-769925D982B3}"
EndProject
Project("{FAE04EC0-301F-11D3-BF4B-00C04F79EFBC}") = "3-CriandoVariaveisPontoFlutuante", "3-CriandoVariaveisPontoFlutuante\3-CriandoVariaveisPontoFlutuante.csproj", "{400F7EC7-2F5C-4776-B3C6-81140131D090}"
EndProject
Project("{FAE04EC0-301F-11D3-BF4B-00C04F79EFBC}") = "4-ConversoesEOutrosTiposNumericos", "4-ConversoesEOutrosTiposNumericos\4-ConversoesEOutrosTiposNumericos.csproj", "{CCDBE98C-1385-490F-95E3-D3351279E78C}"
EndProject
Project("{FAE04EC0-301F-11D3-BF4B-00C04F79EFBC}") = "5-CaracteresETexto", "5-CaracteresETexto\5-CaracteresETexto.csproj", "{E900742F-845C-418D-9C21-E448581F5FC7}"
EndProject
Project("{FAE04EC0-301F-11D3-BF4B-00C04F79EFBC}") = "6-AtribuicaoDeVariaveis", "6-AtribuicaoDeVariaveis\6-AtribuicaoDeVariaveis.csproj", "{80477F84-7FC0-441B-8ECC-01F24FF82F30}"
EndProject
Project("{FAE04EC0-301F-11D3-BF4B-00C04F79EFBC}") = "7-Condicionais", "7-Condicionais\7-Condicionais.csproj", "{CDA11DC6-A1B4-495C-85B5-9F2D5FFC7275}"
EndProject
Project("{FAE04EC0-301F-11D3-BF4B-00C04F79EFBC}") = "8-Condicionais2", "8-Condicionais2\8-Condicionais2.csproj", "{3D8D0D1F-625F-4D1B-8BED-01B86CB3EB22}"
EndProject
Project("{FAE04EC0-301F-11D3-BF4B-00C04F79EFBC}") = "9-Escopo", "9-Escopo\9-Escopo.csproj", "{B96DAF9B-00C5-4C37-BEE4-989F4B94A5D5}"
EndProject
Project("{FAE04EC0-301F-11D3-BF4B-00C04F79EFBC}") = "Switch", "Switch\Switch.csproj", "{614868E2-E345-4F70-B62F-FF25F7716089}"
EndProject
Project("{FAE04EC0-301F-11D3-BF4B-00C04F79EFBC}") = "P10-CalculaPulpanca", "P10-CalculaPulpanca\P10-CalculaPulpanca.csproj", "{8621EEED-D4F6-4E11-A0DB-D882704F4D8F}"
EndProject
Project("{FAE04EC0-301F-11D3-BF4B-00C04F79EFBC}") = "P11-CalculaPoupanca2", "P11-CalculaPoupanca2\P11-CalculaPoupanca2.csproj", "{4E6DC36E-C803-4813-B239-B35183C816C6}"
EndProject
Project("{FAE04EC0-301F-11D3-BF4B-00C04F79EFBC}") = "P12-CalculaInvestimentoLongoPrazo", "P12-CalculaInvestimentoLongoPrazo\P12-CalculaInvestimentoLongoPrazo.csproj", "{77F1429F-EE83-4457-9445-9E4CBB37BD05}"
EndProject
Project("{FAE04EC0-301F-11D3-BF4B-00C04F79EFBC}") = "P13-ForEncadeado", "P13-ForEncadeado\P13-ForEncadeado.csproj", "{BA660B4F-BF3A-4045-A536-2713B32AD3AE}"
EndProject
Project("{FAE04EC0-301F-11D3-BF4B-00C04F79EFBC}") = "SMultiplicador", "SMultiplicador\SMultiplicador.csproj", "{EC61EEFB-73CE-4DD0-A6D6-5D6E4453C26D}"
EndProject
Project("{FAE04EC0-301F-11D3-BF4B-00C04F79EFBC}") = "SMultiplosDeTres", "SMultiplosDeTres\SMultiplosDeTres.csproj", "{24E89E13-53D2-4499-9ECF-E267CE7208DD}"
EndProject
Global
	GlobalSection(SolutionConfigurationPlatforms) = preSolution
		Debug|Any CPU = Debug|Any CPU
		Release|Any CPU = Release|Any CPU
	EndGlobalSection
	GlobalSection(ProjectConfigurationPlatforms) = postSolution
		{ECD9541A-75B6-440B-93F4-B0EA1FF5D77A}.Debug|Any CPU.ActiveCfg = Debug|Any CPU
		{ECD9541A-75B6-440B-93F4-B0EA1FF5D77A}.Debug|Any CPU.Build.0 = Debug|Any CPU
		{ECD9541A-75B6-440B-93F4-B0EA1FF5D77A}.Release|Any CPU.ActiveCfg = Release|Any CPU
		{ECD9541A-75B6-440B-93F4-B0EA1FF5D77A}.Release|Any CPU.Build.0 = Release|Any CPU
		{3C1E232A-CDB5-41B4-8E47-769925D982B3}.Debug|Any CPU.ActiveCfg = Debug|Any CPU
		{3C1E232A-CDB5-41B4-8E47-769925D982B3}.Debug|Any CPU.Build.0 = Debug|Any CPU
		{3C1E232A-CDB5-41B4-8E47-769925D982B3}.Release|Any CPU.ActiveCfg = Release|Any CPU
		{3C1E232A-CDB5-41B4-8E47-769925D982B3}.Release|Any CPU.Build.0 = Release|Any CPU
		{400F7EC7-2F5C-4776-B3C6-81140131D090}.Debug|Any CPU.ActiveCfg = Debug|Any CPU
		{400F7EC7-2F5C-4776-B3C6-81140131D090}.Debug|Any CPU.Build.0 = Debug|Any CPU
		{400F7EC7-2F5C-4776-B3C6-81140131D090}.Release|Any CPU.ActiveCfg = Release|Any CPU
		{400F7EC7-2F5C-4776-B3C6-81140131D090}.Release|Any CPU.Build.0 = Release|Any CPU
		{CCDBE98C-1385-490F-95E3-D3351279E78C}.Debug|Any CPU.ActiveCfg = Debug|Any CPU
		{CCDBE98C-1385-490F-95E3-D3351279E78C}.Debug|Any CPU.Build.0 = Debug|Any CPU
		{CCDBE98C-1385-490F-95E3-D3351279E78C}.Release|Any CPU.ActiveCfg = Release|Any CPU
		{CCDBE98C-1385-490F-95E3-D3351279E78C}.Release|Any CPU.Build.0 = Release|Any CPU
		{E900742F-845C-418D-9C21-E448581F5FC7}.Debug|Any CPU.ActiveCfg = Debug|Any CPU
		{E900742F-845C-418D-9C21-E448581F5FC7}.Debug|Any CPU.Build.0 = Debug|Any CPU
		{E900742F-845C-418D-9C21-E448581F5FC7}.Release|Any CPU.ActiveCfg = Release|Any CPU
		{E900742F-845C-418D-9C21-E448581F5FC7}.Release|Any CPU.Build.0 = Release|Any CPU
		{80477F84-7FC0-441B-8ECC-01F24FF82F30}.Debug|Any CPU.ActiveCfg = Debug|Any CPU
		{80477F84-7FC0-441B-8ECC-01F24FF82F30}.Debug|Any CPU.Build.0 = Debug|Any CPU
		{80477F84-7FC0-441B-8ECC-01F24FF82F30}.Release|Any CPU.ActiveCfg = Release|Any CPU
		{80477F84-7FC0-441B-8ECC-01F24FF82F30}.Release|Any CPU.Build.0 = Release|Any CPU
		{CDA11DC6-A1B4-495C-85B5-9F2D5FFC7275}.Debug|Any CPU.ActiveCfg = Debug|Any CPU
		{CDA11DC6-A1B4-495C-85B5-9F2D5FFC7275}.Debug|Any CPU.Build.0 = Debug|Any CPU
		{CDA11DC6-A1B4-495C-85B5-9F2D5FFC7275}.Release|Any CPU.ActiveCfg = Release|Any CPU
		{CDA11DC6-A1B4-495C-85B5-9F2D5FFC7275}.Release|Any CPU.Build.0 = Release|Any CPU
		{3D8D0D1F-625F-4D1B-8BED-01B86CB3EB22}.Debug|Any CPU.ActiveCfg = Debug|Any CPU
		{3D8D0D1F-625F-4D1B-8BED-01B86CB3EB22}.Debug|Any CPU.Build.0 = Debug|Any CPU
		{3D8D0D1F-625F-4D1B-8BED-01B86CB3EB22}.Release|Any CPU.ActiveCfg = Release|Any CPU
		{3D8D0D1F-625F-4D1B-8BED-01B86CB3EB22}.Release|Any CPU.Build.0 = Release|Any CPU
		{B96DAF9B-00C5-4C37-BEE4-989F4B94A5D5}.Debug|Any CPU.ActiveCfg = Debug|Any CPU
		{B96DAF9B-00C5-4C37-BEE4-989F4B94A5D5}.Debug|Any CPU.Build.0 = Debug|Any CPU
		{B96DAF9B-00C5-4C37-BEE4-989F4B94A5D5}.Release|Any CPU.ActiveCfg = Release|Any CPU
		{B96DAF9B-00C5-4C37-BEE4-989F4B94A5D5}.Release|Any CPU.Build.0 = Release|Any CPU
		{614868E2-E345-4F70-B62F-FF25F7716089}.Debug|Any CPU.ActiveCfg = Debug|Any CPU
		{614868E2-E345-4F70-B62F-FF25F7716089}.Debug|Any CPU.Build.0 = Debug|Any CPU
		{614868E2-E345-4F70-B62F-FF25F7716089}.Release|Any CPU.ActiveCfg = Release|Any CPU
		{614868E2-E345-4F70-B62F-FF25F7716089}.Release|Any CPU.Build.0 = Release|Any CPU
		{8621EEED-D4F6-4E11-A0DB-D882704F4D8F}.Debug|Any CPU.ActiveCfg = Debug|Any CPU
		{8621EEED-D4F6-4E11-A0DB-D882704F4D8F}.Debug|Any CPU.Build.0 = Debug|Any CPU
		{8621EEED-D4F6-4E11-A0DB-D882704F4D8F}.Release|Any CPU.ActiveCfg = Release|Any CPU
		{8621EEED-D4F6-4E11-A0DB-D882704F4D8F}.Release|Any CPU.Build.0 = Release|Any CPU
		{4E6DC36E-C803-4813-B239-B35183C816C6}.Debug|Any CPU.ActiveCfg = Debug|Any CPU
		{4E6DC36E-C803-4813-B239-B35183C816C6}.Debug|Any CPU.Build.0 = Debug|Any CPU
		{4E6DC36E-C803-4813-B239-B35183C816C6}.Release|Any CPU.ActiveCfg = Release|Any CPU
		{4E6DC36E-C803-4813-B239-B35183C816C6}.Release|Any CPU.Build.0 = Release|Any CPU
		{77F1429F-EE83-4457-9445-9E4CBB37BD05}.Debug|Any CPU.ActiveCfg = Debug|Any CPU
		{77F1429F-EE83-4457-9445-9E4CBB37BD05}.Debug|Any CPU.Build.0 = Debug|Any CPU
		{77F1429F-EE83-4457-9445-9E4CBB37BD05}.Release|Any CPU.ActiveCfg = Release|Any CPU
		{77F1429F-EE83-4457-9445-9E4CBB37BD05}.Release|Any CPU.Build.0 = Release|Any CPU
		{BA660B4F-BF3A-4045-A536-2713B32AD3AE}.Debug|Any CPU.ActiveCfg = Debug|Any CPU
		{BA660B4F-BF3A-4045-A536-2713B32AD3AE}.Debug|Any CPU.Build.0 = Debug|Any CPU
		{BA660B4F-BF3A-4045-A536-2713B32AD3AE}.Release|Any CPU.ActiveCfg = Release|Any CPU
		{BA660B4F-BF3A-4045-A536-2713B32AD3AE}.Release|Any CPU.Build.0 = Release|Any CPU
		{EC61EEFB-73CE-4DD0-A6D6-5D6E4453C26D}.Debug|Any CPU.ActiveCfg = Debug|Any CPU
		{EC61EEFB-73CE-4DD0-A6D6-5D6E4453C26D}.Debug|Any CPU.Build.0 = Debug|Any CPU
		{EC61EEFB-73CE-4DD0-A6D6-5D6E4453C26D}.Release|Any CPU.ActiveCfg = Release|Any CPU
		{EC61EEFB-73CE-4DD0-A6D6-5D6E4453C26D}.Release|Any CPU.Build.0 = Release|Any CPU
		{24E89E13-53D2-4499-9ECF-E267CE7208DD}.Debug|Any CPU.ActiveCfg = Debug|Any CPU
		{24E89E13-53D2-4499-9ECF-E267CE7208DD}.Debug|Any CPU.Build.0 = Debug|Any CPU
		{24E89E13-53D2-4499-9ECF-E267CE7208DD}.Release|Any CPU.ActiveCfg = Release|Any CPU
		{24E89E13-53D2-4499-9ECF-E267CE7208DD}.Release|Any CPU.Build.0 = Release|Any CPU
	EndGlobalSection
	GlobalSection(SolutionProperties) = preSolution
		HideSolutionNode = FALSE
	EndGlobalSection
	GlobalSection(ExtensibilityGlobals) = postSolution
		SolutionGuid = {5E6B4A27-82C1-4AB5-97F3-832EB765BF9D}
	EndGlobalSection
EndGlobal
